
Microsoft Visual Studio Solution File, Format Version 12.00
# Visual Studio Version 16
VisualStudioVersion = 16.0.29324.140
MinimumVisualStudioVersion = 10.0.40219.1
Project("{FAE04EC0-301F-11D3-BF4B-00C04F79EFBC}") = "JH Portfolio", "JH Portfolio\JH Portfolio.csproj", "{DD84B937-E0FE-460A-9C73-C3A1C0F6CF65}"
EndProject
Global
	GlobalSection(SolutionConfigurationPlatforms) = preSolution
		Debug|Any CPU = Debug|Any CPU
		Release|Any CPU = Release|Any CPU
	EndGlobalSection
	GlobalSection(ProjectConfigurationPlatforms) = postSolution
		{DD84B937-E0FE-460A-9C73-C3A1C0F6CF65}.Debug|Any CPU.ActiveCfg = Debug|Any CPU
		{DD84B937-E0FE-460A-9C73-C3A1C0F6CF65}.Debug|Any CPU.Build.0 = Debug|Any CPU
		{DD84B937-E0FE-460A-9C73-C3A1C0F6CF65}.Release|Any CPU.ActiveCfg = Release|Any CPU
		{DD84B937-E0FE-460A-9C73-C3A1C0F6CF65}.Release|Any CPU.Build.0 = Release|Any CPU
	EndGlobalSection
	GlobalSection(SolutionProperties) = preSolution
		HideSolutionNode = FALSE
	EndGlobalSection
	GlobalSection(ExtensibilityGlobals) = postSolution
		SolutionGuid = {4E521920-32E8-4173-B107-1A4411A75130}
	EndGlobalSection
EndGlobal
